<?xml version="1.0" encoding="utf-8"?>
<Project ToolsVersion="4.0" xmlns="http://schemas.microsoft.com/developer/msbuild/2003">
  <ItemGroup>
    <Filter Include="source">
      <UniqueIdentifier>{f0034c68-16eb-4f00-825b-538853f5fecb}</UniqueIdentifier>
    </Filter>
    <Filter Include="include">
      <UniqueIdentifier>{517f1ac3-c756-4560-9083-d7a06a952a8d}</UniqueIdentifier>
    </Filter>
  </ItemGroup>
  <ItemGroup>
    <ClInclude Include="..\..\include\nanogui\common.h">
      <Filter>include</Filter>
    </ClInclude>
    <ClInclude Include="..\..\include\nanogui\screen.h">
      <Filter>include</Filter>
    </ClInclude>
    <ClInclude Include="..\..\include\nanogui\object.h">
      <Filter>include</Filter>
    </ClInclude>
    <ClInclude Include="..\..\include\nanogui\formhelper.h">
      <Filter>include</Filter>
    </ClInclude>
    <ClInclude Include="..\..\include\nanogui\window.h">
      <Filter>include</Filter>
    </ClInclude>
    <ClInclude Include="..\..\include\nanogui\widget.h">
      <Filter>include</Filter>
    </ClInclude>
    <ClInclude Include="..\..\include\nanogui\theme.h">
      <Filter>include</Filter>
    </ClInclude>
    <ClInclude Include="..\..\include\nanogui\layout.h">
      <Filter>include</Filter>
    </ClInclude>
    <ClInclude Include="..\..\include\nanogui\popup.h">
      <Filter>include</Filter>
    </ClInclude>
    <ClInclude Include="..\..\include\nanogui\label.h">
      <Filter>include</Filter>
    </ClInclude>
    <ClInclude Include="..\..\include\nanogui\button.h">
      <Filter>include</Filter>
    </ClInclude>
    <ClInclude Include="..\..\include\nanogui\glutil.h">
      <Filter>include</Filter>
    </ClInclude>
    <ClInclude Include="..\..\include\nanogui\textbox.h">
      <Filter>include</Filter>
    </ClInclude>
    <ClInclude Include="..\..\include\nanogui\colorpicker.h">
      <Filter>include</Filter>
    </ClInclude>
    <ClInclude Include="..\..\include\nanogui\popupbutton.h">
      <Filter>include</Filter>
    </ClInclude>
    <ClInclude Include="..\..\include\nanogui\colorwheel.h">
      <Filter>include</Filter>
    </ClInclude>
    <ClInclude Include="..\..\include\nanogui\checkbox.h">
      <Filter>include</Filter>
    </ClInclude>
    <ClInclude Include="..\..\include\nanogui\combobox.h">
      <Filter>include</Filter>
    </ClInclude>
  </ItemGroup>
  <ItemGroup>
    <ClCompile Include="..\..\src\common.cpp">
      <Filter>source</Filter>
    </ClCompile>
    <ClCompile Include="..\..\src\screen.cpp">
      <Filter>source</Filter>
    </ClCompile>
    <ClCompile Include="..\..\src\object.cpp">
      <Filter>source</Filter>
    </ClCompile>
    <ClCompile Include="..\..\src\glad.c">
      <Filter>source</Filter>
    </ClCompile>
    <ClCompile Include="..\..\src\window.cpp">
      <Filter>source</Filter>
    </ClCompile>
    <ClCompile Include="..\..\src\widget.cpp">
      <Filter>source</Filter>
    </ClCompile>
    <ClCompile Include="..\..\src\theme.cpp">
      <Filter>source</Filter>
    </ClCompile>
    <ClCompile Include="..\..\src\layout.cpp">
      <Filter>source</Filter>
    </ClCompile>
    <ClCompile Include="..\..\src\nanovg.c">
      <Filter>source</Filter>
    </ClCompile>
    <ClCompile Include="..\..\src\popup.cpp">
      <Filter>source</Filter>
    </ClCompile>
    <ClCompile Include="..\..\src\fonts\nanogui_resources.cpp">
      <Filter>source</Filter>
    </ClCompile>
    <ClCompile Include="..\..\src\label.cpp">
      <Filter>source</Filter>
    </ClCompile>
    <ClCompile Include="..\..\src\button.cpp">
      <Filter>source</Filter>
    </ClCompile>
    <ClCompile Include="..\..\src\textbox.cpp">
      <Filter>source</Filter>
    </ClCompile>
    <ClCompile Include="..\..\src\colorpicker.cpp">
      <Filter>source</Filter>
    </ClCompile>
    <ClCompile Include="..\..\src\popupbutton.cpp">
      <Filter>source</Filter>
    </ClCompile>
    <ClCompile Include="..\..\src\colorwheel.cpp">
      <Filter>source</Filter>
    </ClCompile>
    <ClCompile Include="..\..\src\checkbox.cpp">
      <Filter>source</Filter>
    </ClCompile>
    <ClCompile Include="..\..\src\combobox.cpp">
      <Filter>source</Filter>
    </ClCompile>
  </ItemGroup>
</Project>